
Microsoft Visual Studio Solution File, Format Version 12.00
# Visual Studio Version 16
VisualStudioVersion = 16.0.30413.136
MinimumVisualStudioVersion = 10.0.40219.1
Project("{FAE04EC0-301F-11D3-BF4B-00C04F79EFBC}") = "Task1", "SecondLessonGurman\Task1.csproj", "{A68D451E-C846-4707-8E53-C1FDFEFC33FB}"
EndProject
Project("{FAE04EC0-301F-11D3-BF4B-00C04F79EFBC}") = "Task2", "Task2\Task2.csproj", "{9D378B44-CCB7-437A-9450-95E77AA8837E}"
EndProject
Project("{FAE04EC0-301F-11D3-BF4B-00C04F79EFBC}") = "Task3", "Task3\Task3.csproj", "{080996D1-0473-4ACD-9DD1-B9C8BE432B20}"
EndProject
Project("{FAE04EC0-301F-11D3-BF4B-00C04F79EFBC}") = "Task4", "Task4\Task4.csproj", "{0EBBACCA-BBE4-4C83-82A1-8DB4F390538E}"
EndProject
Project("{FAE04EC0-301F-11D3-BF4B-00C04F79EFBC}") = "Task7 (rek)", "Task7 (rek)\Task7 (rek).csproj", "{2C0010BF-440F-4476-B310-39548B652D83}"
EndProject
Project("{FAE04EC0-301F-11D3-BF4B-00C04F79EFBC}") = "Task5", "Task5\Task5.csproj", "{48F4A1B8-5E0E-4AC6-A8A0-8490055C8D9F}"
EndProject
Project("{2150E333-8FDC-42A3-9474-1A3956D46DE8}") = "2.Second Lesson", "2.Second Lesson", "{EA68C583-37DF-4804-B272-C90F2BF823E6}"
EndProject
Project("{2150E333-8FDC-42A3-9474-1A3956D46DE8}") = "3.Third Lesson", "3.Third Lesson", "{05EA277F-3E9E-4D3B-9251-89C39F8B9255}"
EndProject
Project("{FAE04EC0-301F-11D3-BF4B-00C04F79EFBC}") = "Task1 (3rd Lesson)", "ConsoleApp1\Task1 (3rd Lesson).csproj", "{245FCB09-913A-4479-A316-55619E2BF3BC}"
EndProject
Project("{FAE04EC0-301F-11D3-BF4B-00C04F79EFBC}") = "Task2 (3rd Lesson)", "Task2 (3rd Lesson)\Task2 (3rd Lesson).csproj", "{D62E2628-8F08-42DB-9518-E279CC139E07}"
EndProject
Project("{2150E333-8FDC-42A3-9474-1A3956D46DE8}") = "4.Fourth Lesson", "4.Fourth Lesson", "{F578B6AF-B234-4BA6-A46B-6FED464A6A25}"
EndProject
Project("{FAE04EC0-301F-11D3-BF4B-00C04F79EFBC}") = "Task1 (4th lesson)", "Task1 (4th lesson)\Task1 (4th lesson).csproj", "{C0597349-847F-4A4C-92B1-B051202D1E7B}"
EndProject
Project("{FAE04EC0-301F-11D3-BF4B-00C04F79EFBC}") = "Task2 (4th lesson)", "Task2 (4th lesson)\Task2 (4th lesson).csproj", "{A7174ED8-262E-4C6B-836F-27FC59D3E028}"
EndProject
Project("{2150E333-8FDC-42A3-9474-1A3956D46DE8}") = "5.Fifth Lesson", "5.Fifth Lesson", "{D14C0487-4B1D-4FBC-9CCD-C0FF98EC445C}"
EndProject
Project("{FAE04EC0-301F-11D3-BF4B-00C04F79EFBC}") = "Task1 (5th lesson)", "Task1 (5th lesson)\Task1 (5th lesson).csproj", "{DD484B85-05B8-47C5-A049-03CC6E49C1E6}"
EndProject
Project("{FAE04EC0-301F-11D3-BF4B-00C04F79EFBC}") = "Task2 (5th lesson)", "Task2 (5th lesson)\Task2 (5th lesson).csproj", "{98B821D8-C0BA-48C8-BF0B-B6DDDA05090B}"
EndProject
Project("{2150E333-8FDC-42A3-9474-1A3956D46DE8}") = "6.Sixth Lesson", "6.Sixth Lesson", "{D1BF63F4-E55A-472C-84B7-78D992BD4B51}"
EndProject
Project("{FAE04EC0-301F-11D3-BF4B-00C04F79EFBC}") = "Task1 (6th lesson)", "ConsoleApp2\Task1 (6th lesson).csproj", "{D5058A98-AC31-4793-A04B-28617D6BBB20}"
EndProject
Project("{FAE04EC0-301F-11D3-BF4B-00C04F79EFBC}") = "Task2 (6th lesson)", "ConsoleApp3\Task2 (6th lesson).csproj", "{981B2B62-A69A-43BF-9023-2472798E69F2}"
EndProject
Global
	GlobalSection(SolutionConfigurationPlatforms) = preSolution
		Debug|Any CPU = Debug|Any CPU
		Release|Any CPU = Release|Any CPU
	EndGlobalSection
	GlobalSection(ProjectConfigurationPlatforms) = postSolution
		{A68D451E-C846-4707-8E53-C1FDFEFC33FB}.Debug|Any CPU.ActiveCfg = Debug|Any CPU
		{A68D451E-C846-4707-8E53-C1FDFEFC33FB}.Debug|Any CPU.Build.0 = Debug|Any CPU
		{A68D451E-C846-4707-8E53-C1FDFEFC33FB}.Release|Any CPU.ActiveCfg = Release|Any CPU
		{A68D451E-C846-4707-8E53-C1FDFEFC33FB}.Release|Any CPU.Build.0 = Release|Any CPU
		{9D378B44-CCB7-437A-9450-95E77AA8837E}.Debug|Any CPU.ActiveCfg = Debug|Any CPU
		{9D378B44-CCB7-437A-9450-95E77AA8837E}.Debug|Any CPU.Build.0 = Debug|Any CPU
		{9D378B44-CCB7-437A-9450-95E77AA8837E}.Release|Any CPU.ActiveCfg = Release|Any CPU
		{9D378B44-CCB7-437A-9450-95E77AA8837E}.Release|Any CPU.Build.0 = Release|Any CPU
		{080996D1-0473-4ACD-9DD1-B9C8BE432B20}.Debug|Any CPU.ActiveCfg = Debug|Any CPU
		{080996D1-0473-4ACD-9DD1-B9C8BE432B20}.Debug|Any CPU.Build.0 = Debug|Any CPU
		{080996D1-0473-4ACD-9DD1-B9C8BE432B20}.Release|Any CPU.ActiveCfg = Release|Any CPU
		{080996D1-0473-4ACD-9DD1-B9C8BE432B20}.Release|Any CPU.Build.0 = Release|Any CPU
		{0EBBACCA-BBE4-4C83-82A1-8DB4F390538E}.Debug|Any CPU.ActiveCfg = Debug|Any CPU
		{0EBBACCA-BBE4-4C83-82A1-8DB4F390538E}.Debug|Any CPU.Build.0 = Debug|Any CPU
		{0EBBACCA-BBE4-4C83-82A1-8DB4F390538E}.Release|Any CPU.ActiveCfg = Release|Any CPU
		{0EBBACCA-BBE4-4C83-82A1-8DB4F390538E}.Release|Any CPU.Build.0 = Release|Any CPU
		{2C0010BF-440F-4476-B310-39548B652D83}.Debug|Any CPU.ActiveCfg = Debug|Any CPU
		{2C0010BF-440F-4476-B310-39548B652D83}.Debug|Any CPU.Build.0 = Debug|Any CPU
		{2C0010BF-440F-4476-B310-39548B652D83}.Release|Any CPU.ActiveCfg = Release|Any CPU
		{2C0010BF-440F-4476-B310-39548B652D83}.Release|Any CPU.Build.0 = Release|Any CPU
		{48F4A1B8-5E0E-4AC6-A8A0-8490055C8D9F}.Debug|Any CPU.ActiveCfg = Debug|Any CPU
		{48F4A1B8-5E0E-4AC6-A8A0-8490055C8D9F}.Debug|Any CPU.Build.0 = Debug|Any CPU
		{48F4A1B8-5E0E-4AC6-A8A0-8490055C8D9F}.Release|Any CPU.ActiveCfg = Release|Any CPU
		{48F4A1B8-5E0E-4AC6-A8A0-8490055C8D9F}.Release|Any CPU.Build.0 = Release|Any CPU
		{245FCB09-913A-4479-A316-55619E2BF3BC}.Debug|Any CPU.ActiveCfg = Debug|Any CPU
		{245FCB09-913A-4479-A316-55619E2BF3BC}.Debug|Any CPU.Build.0 = Debug|Any CPU
		{245FCB09-913A-4479-A316-55619E2BF3BC}.Release|Any CPU.ActiveCfg = Release|Any CPU
		{245FCB09-913A-4479-A316-55619E2BF3BC}.Release|Any CPU.Build.0 = Release|Any CPU
		{D62E2628-8F08-42DB-9518-E279CC139E07}.Debug|Any CPU.ActiveCfg = Debug|Any CPU
		{D62E2628-8F08-42DB-9518-E279CC139E07}.Debug|Any CPU.Build.0 = Debug|Any CPU
		{D62E2628-8F08-42DB-9518-E279CC139E07}.Release|Any CPU.ActiveCfg = Release|Any CPU
		{D62E2628-8F08-42DB-9518-E279CC139E07}.Release|Any CPU.Build.0 = Release|Any CPU
		{C0597349-847F-4A4C-92B1-B051202D1E7B}.Debug|Any CPU.ActiveCfg = Debug|Any CPU
		{C0597349-847F-4A4C-92B1-B051202D1E7B}.Debug|Any CPU.Build.0 = Debug|Any CPU
		{C0597349-847F-4A4C-92B1-B051202D1E7B}.Release|Any CPU.ActiveCfg = Release|Any CPU
		{C0597349-847F-4A4C-92B1-B051202D1E7B}.Release|Any CPU.Build.0 = Release|Any CPU
		{A7174ED8-262E-4C6B-836F-27FC59D3E028}.Debug|Any CPU.ActiveCfg = Debug|Any CPU
		{A7174ED8-262E-4C6B-836F-27FC59D3E028}.Debug|Any CPU.Build.0 = Debug|Any CPU
		{A7174ED8-262E-4C6B-836F-27FC59D3E028}.Release|Any CPU.ActiveCfg = Release|Any CPU
		{A7174ED8-262E-4C6B-836F-27FC59D3E028}.Release|Any CPU.Build.0 = Release|Any CPU
		{DD484B85-05B8-47C5-A049-03CC6E49C1E6}.Debug|Any CPU.ActiveCfg = Debug|Any CPU
		{DD484B85-05B8-47C5-A049-03CC6E49C1E6}.Debug|Any CPU.Build.0 = Debug|Any CPU
		{DD484B85-05B8-47C5-A049-03CC6E49C1E6}.Release|Any CPU.ActiveCfg = Release|Any CPU
		{DD484B85-05B8-47C5-A049-03CC6E49C1E6}.Release|Any CPU.Build.0 = Release|Any CPU
		{98B821D8-C0BA-48C8-BF0B-B6DDDA05090B}.Debug|Any CPU.ActiveCfg = Debug|Any CPU
		{98B821D8-C0BA-48C8-BF0B-B6DDDA05090B}.Debug|Any CPU.Build.0 = Debug|Any CPU
		{98B821D8-C0BA-48C8-BF0B-B6DDDA05090B}.Release|Any CPU.ActiveCfg = Release|Any CPU
		{98B821D8-C0BA-48C8-BF0B-B6DDDA05090B}.Release|Any CPU.Build.0 = Release|Any CPU
		{D5058A98-AC31-4793-A04B-28617D6BBB20}.Debug|Any CPU.ActiveCfg = Debug|Any CPU
		{D5058A98-AC31-4793-A04B-28617D6BBB20}.Debug|Any CPU.Build.0 = Debug|Any CPU
		{D5058A98-AC31-4793-A04B-28617D6BBB20}.Release|Any CPU.ActiveCfg = Release|Any CPU
		{D5058A98-AC31-4793-A04B-28617D6BBB20}.Release|Any CPU.Build.0 = Release|Any CPU
		{981B2B62-A69A-43BF-9023-2472798E69F2}.Debug|Any CPU.ActiveCfg = Debug|Any CPU
		{981B2B62-A69A-43BF-9023-2472798E69F2}.Debug|Any CPU.Build.0 = Debug|Any CPU
		{981B2B62-A69A-43BF-9023-2472798E69F2}.Release|Any CPU.ActiveCfg = Release|Any CPU
		{981B2B62-A69A-43BF-9023-2472798E69F2}.Release|Any CPU.Build.0 = Release|Any CPU
	EndGlobalSection
	GlobalSection(SolutionProperties) = preSolution
		HideSolutionNode = FALSE
	EndGlobalSection
	GlobalSection(NestedProjects) = preSolution
		{A68D451E-C846-4707-8E53-C1FDFEFC33FB} = {EA68C583-37DF-4804-B272-C90F2BF823E6}
		{9D378B44-CCB7-437A-9450-95E77AA8837E} = {EA68C583-37DF-4804-B272-C90F2BF823E6}
		{080996D1-0473-4ACD-9DD1-B9C8BE432B20} = {EA68C583-37DF-4804-B272-C90F2BF823E6}
		{0EBBACCA-BBE4-4C83-82A1-8DB4F390538E} = {EA68C583-37DF-4804-B272-C90F2BF823E6}
		{2C0010BF-440F-4476-B310-39548B652D83} = {EA68C583-37DF-4804-B272-C90F2BF823E6}
		{48F4A1B8-5E0E-4AC6-A8A0-8490055C8D9F} = {EA68C583-37DF-4804-B272-C90F2BF823E6}
		{245FCB09-913A-4479-A316-55619E2BF3BC} = {05EA277F-3E9E-4D3B-9251-89C39F8B9255}
		{D62E2628-8F08-42DB-9518-E279CC139E07} = {05EA277F-3E9E-4D3B-9251-89C39F8B9255}
		{C0597349-847F-4A4C-92B1-B051202D1E7B} = {F578B6AF-B234-4BA6-A46B-6FED464A6A25}
		{A7174ED8-262E-4C6B-836F-27FC59D3E028} = {F578B6AF-B234-4BA6-A46B-6FED464A6A25}
		{DD484B85-05B8-47C5-A049-03CC6E49C1E6} = {D14C0487-4B1D-4FBC-9CCD-C0FF98EC445C}
		{98B821D8-C0BA-48C8-BF0B-B6DDDA05090B} = {D14C0487-4B1D-4FBC-9CCD-C0FF98EC445C}
		{D5058A98-AC31-4793-A04B-28617D6BBB20} = {D1BF63F4-E55A-472C-84B7-78D992BD4B51}
		{981B2B62-A69A-43BF-9023-2472798E69F2} = {D1BF63F4-E55A-472C-84B7-78D992BD4B51}
	EndGlobalSection
	GlobalSection(ExtensibilityGlobals) = postSolution
		SolutionGuid = {030A89DD-B21F-47CF-8D1B-D0F00AB99BDC}
	EndGlobalSection
EndGlobal
